
Microsoft Visual Studio Solution File, Format Version 12.00
# Visual Studio 15
VisualStudioVersion = 15.0.27130.2020
MinimumVisualStudioVersion = 10.0.40219.1
Project("{FAE04EC0-301F-11D3-BF4B-00C04F79EFBC}") = "Spreadsheet", "Spreadsheet\Spreadsheet.csproj", "{A8DDEEC5-B02D-40AD-8007-D6AFF3854ACD}"
EndProject
Project("{FAE04EC0-301F-11D3-BF4B-00C04F79EFBC}") = "SpreadsheetEngine", "SpreadsheetEngine\SpreadsheetEngine.csproj", "{361054AC-F436-4A5E-9B09-8057D661C9E4}"
EndProject
Project("{FAE04EC0-301F-11D3-BF4B-00C04F79EFBC}") = "ExpTreeDemo", "ExpTreeDemo\ExpTreeDemo.csproj", "{C26007DA-C8CC-415F-A549-3720DE8EDB08}"
EndProject
Global
	GlobalSection(SolutionConfigurationPlatforms) = preSolution
		Debug|Any CPU = Debug|Any CPU
		Release|Any CPU = Release|Any CPU
	EndGlobalSection
	GlobalSection(ProjectConfigurationPlatforms) = postSolution
		{A8DDEEC5-B02D-40AD-8007-D6AFF3854ACD}.Debug|Any CPU.ActiveCfg = Debug|Any CPU
		{A8DDEEC5-B02D-40AD-8007-D6AFF3854ACD}.Debug|Any CPU.Build.0 = Debug|Any CPU
		{A8DDEEC5-B02D-40AD-8007-D6AFF3854ACD}.Release|Any CPU.ActiveCfg = Release|Any CPU
		{A8DDEEC5-B02D-40AD-8007-D6AFF3854ACD}.Release|Any CPU.Build.0 = Release|Any CPU
		{361054AC-F436-4A5E-9B09-8057D661C9E4}.Debug|Any CPU.ActiveCfg = Debug|Any CPU
		{361054AC-F436-4A5E-9B09-8057D661C9E4}.Debug|Any CPU.Build.0 = Debug|Any CPU
		{361054AC-F436-4A5E-9B09-8057D661C9E4}.Release|Any CPU.ActiveCfg = Release|Any CPU
		{361054AC-F436-4A5E-9B09-8057D661C9E4}.Release|Any CPU.Build.0 = Release|Any CPU
		{C26007DA-C8CC-415F-A549-3720DE8EDB08}.Debug|Any CPU.ActiveCfg = Debug|Any CPU
		{C26007DA-C8CC-415F-A549-3720DE8EDB08}.Debug|Any CPU.Build.0 = Debug|Any CPU
		{C26007DA-C8CC-415F-A549-3720DE8EDB08}.Release|Any CPU.ActiveCfg = Release|Any CPU
		{C26007DA-C8CC-415F-A549-3720DE8EDB08}.Release|Any CPU.Build.0 = Release|Any CPU
	EndGlobalSection
	GlobalSection(SolutionProperties) = preSolution
		HideSolutionNode = FALSE
	EndGlobalSection
	GlobalSection(ExtensibilityGlobals) = postSolution
		SolutionGuid = {C8B9101B-9067-49C6-B2BD-DD2F0A9083AD}
	EndGlobalSection
EndGlobal
